
Microsoft Visual Studio Solution File, Format Version 12.00
# Visual Studio Version 17
VisualStudioVersion = 17.2.32516.85
MinimumVisualStudioVersion = 10.0.40219.1
Project("{FAE04EC0-301F-11D3-BF4B-00C04F79EFBC}") = "DemoBuyingProduct", "DemoBuyingProduct\DemoBuyingProduct.csproj", "{F5535167-BF67-45EA-993B-60E4F49C0E0A}"
EndProject
Project("{FAE04EC0-301F-11D3-BF4B-00C04F79EFBC}") = "DemoBuyingProduct.Tests", "DemoBuyingProduct.Tests\DemoBuyingProduct.Tests.csproj", "{59110774-750C-41C0-AD81-6EE1038B4025}"
	ProjectSection(ProjectDependencies) = postProject
		{F5535167-BF67-45EA-993B-60E4F49C0E0A} = {F5535167-BF67-45EA-993B-60E4F49C0E0A}
	EndProjectSection
EndProject
Global
	GlobalSection(SolutionConfigurationPlatforms) = preSolution
		Debug|Any CPU = Debug|Any CPU
		Release|Any CPU = Release|Any CPU
	EndGlobalSection
	GlobalSection(ProjectConfigurationPlatforms) = postSolution
		{F5535167-BF67-45EA-993B-60E4F49C0E0A}.Debug|Any CPU.ActiveCfg = Debug|Any CPU
		{F5535167-BF67-45EA-993B-60E4F49C0E0A}.Debug|Any CPU.Build.0 = Debug|Any CPU
		{F5535167-BF67-45EA-993B-60E4F49C0E0A}.Release|Any CPU.ActiveCfg = Release|Any CPU
		{F5535167-BF67-45EA-993B-60E4F49C0E0A}.Release|Any CPU.Build.0 = Release|Any CPU
		{59110774-750C-41C0-AD81-6EE1038B4025}.Debug|Any CPU.ActiveCfg = Debug|Any CPU
		{59110774-750C-41C0-AD81-6EE1038B4025}.Debug|Any CPU.Build.0 = Debug|Any CPU
		{59110774-750C-41C0-AD81-6EE1038B4025}.Release|Any CPU.ActiveCfg = Release|Any CPU
		{59110774-750C-41C0-AD81-6EE1038B4025}.Release|Any CPU.Build.0 = Release|Any CPU
	EndGlobalSection
	GlobalSection(SolutionProperties) = preSolution
		HideSolutionNode = FALSE
	EndGlobalSection
	GlobalSection(ExtensibilityGlobals) = postSolution
		SolutionGuid = {42F24B88-D4D2-41A4-B125-4749725084FD}
	EndGlobalSection
EndGlobal
